
Microsoft Visual Studio Solution File, Format Version 12.00
# Visual Studio 15
Project("{FAE04EC0-301F-11D3-BF4B-00C04F79EFBC}") = "Task_01", "Homework_01\Task_01.csproj", "{7EF9A5B3-E906-4C6F-B5C9-CA2B550A5F33}"
EndProject
Project("{FAE04EC0-301F-11D3-BF4B-00C04F79EFBC}") = "Task_02", "Task_02\Task_02.csproj", "{41856B65-3FE7-4F30-9A77-4162A38ACEDE}"
EndProject
Project("{FAE04EC0-301F-11D3-BF4B-00C04F79EFBC}") = "Task_03", "Task_03\Task_03.csproj", "{3728306B-ECB9-42A8-9CD8-CCE1B21D8588}"
EndProject
Project("{FAE04EC0-301F-11D3-BF4B-00C04F79EFBC}") = "Task_04", "Task_04\Task_04.csproj", "{D239657D-CD68-40D2-8CD3-63C870B9EA91}"
EndProject
Project("{FAE04EC0-301F-11D3-BF4B-00C04F79EFBC}") = "Task_05", "Task_05\Task_05.csproj", "{72DB2239-D9AB-4CCF-8460-44C78EA31F93}"
EndProject
Project("{FAE04EC0-301F-11D3-BF4B-00C04F79EFBC}") = "Task_06", "Task_06\Task_06.csproj", "{277BDC85-7804-4350-8ED2-4D7EAACC8D47}"
EndProject
Global
	GlobalSection(SolutionConfigurationPlatforms) = preSolution
		Debug|Any CPU = Debug|Any CPU
		Release|Any CPU = Release|Any CPU
	EndGlobalSection
	GlobalSection(ProjectConfigurationPlatforms) = postSolution
		{7EF9A5B3-E906-4C6F-B5C9-CA2B550A5F33}.Debug|Any CPU.ActiveCfg = Debug|Any CPU
		{7EF9A5B3-E906-4C6F-B5C9-CA2B550A5F33}.Debug|Any CPU.Build.0 = Debug|Any CPU
		{7EF9A5B3-E906-4C6F-B5C9-CA2B550A5F33}.Release|Any CPU.ActiveCfg = Release|Any CPU
		{7EF9A5B3-E906-4C6F-B5C9-CA2B550A5F33}.Release|Any CPU.Build.0 = Release|Any CPU
		{41856B65-3FE7-4F30-9A77-4162A38ACEDE}.Debug|Any CPU.ActiveCfg = Debug|Any CPU
		{41856B65-3FE7-4F30-9A77-4162A38ACEDE}.Debug|Any CPU.Build.0 = Debug|Any CPU
		{41856B65-3FE7-4F30-9A77-4162A38ACEDE}.Release|Any CPU.ActiveCfg = Release|Any CPU
		{41856B65-3FE7-4F30-9A77-4162A38ACEDE}.Release|Any CPU.Build.0 = Release|Any CPU
		{3728306B-ECB9-42A8-9CD8-CCE1B21D8588}.Debug|Any CPU.ActiveCfg = Debug|Any CPU
		{3728306B-ECB9-42A8-9CD8-CCE1B21D8588}.Debug|Any CPU.Build.0 = Debug|Any CPU
		{3728306B-ECB9-42A8-9CD8-CCE1B21D8588}.Release|Any CPU.ActiveCfg = Release|Any CPU
		{3728306B-ECB9-42A8-9CD8-CCE1B21D8588}.Release|Any CPU.Build.0 = Release|Any CPU
		{D239657D-CD68-40D2-8CD3-63C870B9EA91}.Debug|Any CPU.ActiveCfg = Debug|Any CPU
		{D239657D-CD68-40D2-8CD3-63C870B9EA91}.Debug|Any CPU.Build.0 = Debug|Any CPU
		{D239657D-CD68-40D2-8CD3-63C870B9EA91}.Release|Any CPU.ActiveCfg = Release|Any CPU
		{D239657D-CD68-40D2-8CD3-63C870B9EA91}.Release|Any CPU.Build.0 = Release|Any CPU
		{72DB2239-D9AB-4CCF-8460-44C78EA31F93}.Debug|Any CPU.ActiveCfg = Debug|Any CPU
		{72DB2239-D9AB-4CCF-8460-44C78EA31F93}.Debug|Any CPU.Build.0 = Debug|Any CPU
		{72DB2239-D9AB-4CCF-8460-44C78EA31F93}.Release|Any CPU.ActiveCfg = Release|Any CPU
		{72DB2239-D9AB-4CCF-8460-44C78EA31F93}.Release|Any CPU.Build.0 = Release|Any CPU
		{277BDC85-7804-4350-8ED2-4D7EAACC8D47}.Debug|Any CPU.ActiveCfg = Debug|Any CPU
		{277BDC85-7804-4350-8ED2-4D7EAACC8D47}.Debug|Any CPU.Build.0 = Debug|Any CPU
		{277BDC85-7804-4350-8ED2-4D7EAACC8D47}.Release|Any CPU.ActiveCfg = Release|Any CPU
		{277BDC85-7804-4350-8ED2-4D7EAACC8D47}.Release|Any CPU.Build.0 = Release|Any CPU
	EndGlobalSection
EndGlobal
