
Microsoft Visual Studio Solution File, Format Version 12.00
# Visual Studio 15
Project("{FAE04EC0-301F-11D3-BF4B-00C04F79EFBC}") = "Classwork_01", "Classwork_01\Classwork_01.csproj", "{3D366C9A-2014-4C46-B089-2D2EC4E5B699}"
EndProject
Project("{FAE04EC0-301F-11D3-BF4B-00C04F79EFBC}") = "Task_02", "Task_02\Task_02.csproj", "{9E8944F8-00B3-4009-AF03-5002A005AEB9}"
EndProject
Project("{FAE04EC0-301F-11D3-BF4B-00C04F79EFBC}") = "Task_03", "Task_03\Task_03.csproj", "{62E4AB0C-032F-4A3D-93BC-9435C367D7F0}"
EndProject
Project("{FAE04EC0-301F-11D3-BF4B-00C04F79EFBC}") = "Task_04", "Task_04\Task_04.csproj", "{5FE5FF4F-6B39-4267-A89C-88760AB0E6E5}"
EndProject
Project("{FAE04EC0-301F-11D3-BF4B-00C04F79EFBC}") = "Task_05", "Task_05\Task_05.csproj", "{C4886290-D579-4A9F-BDD2-06EA725DC2EF}"
EndProject
Project("{FAE04EC0-301F-11D3-BF4B-00C04F79EFBC}") = "Task_06", "Task_06\Task_06.csproj", "{4664F7E8-ACC8-4340-B5F7-87C1520FDA34}"
EndProject
Global
	GlobalSection(SolutionConfigurationPlatforms) = preSolution
		Debug|Any CPU = Debug|Any CPU
		Release|Any CPU = Release|Any CPU
	EndGlobalSection
	GlobalSection(ProjectConfigurationPlatforms) = postSolution
		{3D366C9A-2014-4C46-B089-2D2EC4E5B699}.Debug|Any CPU.ActiveCfg = Debug|Any CPU
		{3D366C9A-2014-4C46-B089-2D2EC4E5B699}.Debug|Any CPU.Build.0 = Debug|Any CPU
		{3D366C9A-2014-4C46-B089-2D2EC4E5B699}.Release|Any CPU.ActiveCfg = Release|Any CPU
		{3D366C9A-2014-4C46-B089-2D2EC4E5B699}.Release|Any CPU.Build.0 = Release|Any CPU
		{9E8944F8-00B3-4009-AF03-5002A005AEB9}.Debug|Any CPU.ActiveCfg = Debug|Any CPU
		{9E8944F8-00B3-4009-AF03-5002A005AEB9}.Debug|Any CPU.Build.0 = Debug|Any CPU
		{9E8944F8-00B3-4009-AF03-5002A005AEB9}.Release|Any CPU.ActiveCfg = Release|Any CPU
		{9E8944F8-00B3-4009-AF03-5002A005AEB9}.Release|Any CPU.Build.0 = Release|Any CPU
		{62E4AB0C-032F-4A3D-93BC-9435C367D7F0}.Debug|Any CPU.ActiveCfg = Debug|Any CPU
		{62E4AB0C-032F-4A3D-93BC-9435C367D7F0}.Debug|Any CPU.Build.0 = Debug|Any CPU
		{62E4AB0C-032F-4A3D-93BC-9435C367D7F0}.Release|Any CPU.ActiveCfg = Release|Any CPU
		{62E4AB0C-032F-4A3D-93BC-9435C367D7F0}.Release|Any CPU.Build.0 = Release|Any CPU
		{5FE5FF4F-6B39-4267-A89C-88760AB0E6E5}.Debug|Any CPU.ActiveCfg = Debug|Any CPU
		{5FE5FF4F-6B39-4267-A89C-88760AB0E6E5}.Debug|Any CPU.Build.0 = Debug|Any CPU
		{5FE5FF4F-6B39-4267-A89C-88760AB0E6E5}.Release|Any CPU.ActiveCfg = Release|Any CPU
		{5FE5FF4F-6B39-4267-A89C-88760AB0E6E5}.Release|Any CPU.Build.0 = Release|Any CPU
		{C4886290-D579-4A9F-BDD2-06EA725DC2EF}.Debug|Any CPU.ActiveCfg = Debug|Any CPU
		{C4886290-D579-4A9F-BDD2-06EA725DC2EF}.Debug|Any CPU.Build.0 = Debug|Any CPU
		{C4886290-D579-4A9F-BDD2-06EA725DC2EF}.Release|Any CPU.ActiveCfg = Release|Any CPU
		{C4886290-D579-4A9F-BDD2-06EA725DC2EF}.Release|Any CPU.Build.0 = Release|Any CPU
		{4664F7E8-ACC8-4340-B5F7-87C1520FDA34}.Debug|Any CPU.ActiveCfg = Debug|Any CPU
		{4664F7E8-ACC8-4340-B5F7-87C1520FDA34}.Debug|Any CPU.Build.0 = Debug|Any CPU
		{4664F7E8-ACC8-4340-B5F7-87C1520FDA34}.Release|Any CPU.ActiveCfg = Release|Any CPU
		{4664F7E8-ACC8-4340-B5F7-87C1520FDA34}.Release|Any CPU.Build.0 = Release|Any CPU
	EndGlobalSection
EndGlobal
