
Microsoft Visual Studio Solution File, Format Version 12.00
# Visual Studio Version 16
VisualStudioVersion = 16.0.808.6
MinimumVisualStudioVersion = 10.0.40219.1
Project("{FAE04EC0-301F-11D3-BF4B-00C04F79EFBC}") = "ClassWork", "ClassWork\ClassWork.csproj", "{EE6981C4-D808-49F1-B024-68896303427B}"
EndProject
Global
	GlobalSection(SolutionConfigurationPlatforms) = preSolution
		Debug|Any CPU = Debug|Any CPU
		Release|Any CPU = Release|Any CPU
	EndGlobalSection
	GlobalSection(ProjectConfigurationPlatforms) = postSolution
		{EE6981C4-D808-49F1-B024-68896303427B}.Debug|Any CPU.ActiveCfg = Debug|Any CPU
		{EE6981C4-D808-49F1-B024-68896303427B}.Debug|Any CPU.Build.0 = Debug|Any CPU
		{EE6981C4-D808-49F1-B024-68896303427B}.Release|Any CPU.ActiveCfg = Release|Any CPU
		{EE6981C4-D808-49F1-B024-68896303427B}.Release|Any CPU.Build.0 = Release|Any CPU
	EndGlobalSection
	GlobalSection(SolutionProperties) = preSolution
		HideSolutionNode = FALSE
	EndGlobalSection
	GlobalSection(ExtensibilityGlobals) = postSolution
		SolutionGuid = {1B3BBE28-7744-4130-8EB9-43875621E052}
	EndGlobalSection
EndGlobal
