
Microsoft Visual Studio Solution File, Format Version 12.00
# Visual Studio Version 16
VisualStudioVersion = 16.0.809.10
MinimumVisualStudioVersion = 10.0.40219.1
Project("{FAE04EC0-301F-11D3-BF4B-00C04F79EFBC}") = "MVCProject", "MVCProject\MVCProject.csproj", "{21B38821-DBEC-4B9B-AAED-2222F7D0FCA8}"
EndProject
Project("{FAE04EC0-301F-11D3-BF4B-00C04F79EFBC}") = "Api", "Api\Api.csproj", "{2D160DED-8BF3-4CC3-B8E0-A76982B2F5DD}"
EndProject
Global
	GlobalSection(SolutionConfigurationPlatforms) = preSolution
		Debug|Any CPU = Debug|Any CPU
		Release|Any CPU = Release|Any CPU
	EndGlobalSection
	GlobalSection(ProjectConfigurationPlatforms) = postSolution
		{21B38821-DBEC-4B9B-AAED-2222F7D0FCA8}.Debug|Any CPU.ActiveCfg = Debug|Any CPU
		{21B38821-DBEC-4B9B-AAED-2222F7D0FCA8}.Debug|Any CPU.Build.0 = Debug|Any CPU
		{21B38821-DBEC-4B9B-AAED-2222F7D0FCA8}.Release|Any CPU.ActiveCfg = Release|Any CPU
		{21B38821-DBEC-4B9B-AAED-2222F7D0FCA8}.Release|Any CPU.Build.0 = Release|Any CPU
		{2D160DED-8BF3-4CC3-B8E0-A76982B2F5DD}.Debug|Any CPU.ActiveCfg = Debug|Any CPU
		{2D160DED-8BF3-4CC3-B8E0-A76982B2F5DD}.Debug|Any CPU.Build.0 = Debug|Any CPU
		{2D160DED-8BF3-4CC3-B8E0-A76982B2F5DD}.Release|Any CPU.ActiveCfg = Release|Any CPU
		{2D160DED-8BF3-4CC3-B8E0-A76982B2F5DD}.Release|Any CPU.Build.0 = Release|Any CPU
	EndGlobalSection
	GlobalSection(SolutionProperties) = preSolution
		HideSolutionNode = FALSE
	EndGlobalSection
	GlobalSection(ExtensibilityGlobals) = postSolution
		SolutionGuid = {365D55B5-FEDE-4E54-B291-DA08CEA04196}
	EndGlobalSection
EndGlobal
