
Microsoft Visual Studio Solution File, Format Version 12.00
# Visual Studio Version 16
VisualStudioVersion = 16.0.809.7
MinimumVisualStudioVersion = 10.0.40219.1
Project("{FAE04EC0-301F-11D3-BF4B-00C04F79EFBC}") = "Task_1", "Task_1\Task_1.csproj", "{4AC00B4A-4320-4C1A-9298-B3EA1DD790B8}"
EndProject
Global
	GlobalSection(SolutionConfigurationPlatforms) = preSolution
		Debug|Any CPU = Debug|Any CPU
		Release|Any CPU = Release|Any CPU
	EndGlobalSection
	GlobalSection(ProjectConfigurationPlatforms) = postSolution
		{4AC00B4A-4320-4C1A-9298-B3EA1DD790B8}.Debug|Any CPU.ActiveCfg = Debug|Any CPU
		{4AC00B4A-4320-4C1A-9298-B3EA1DD790B8}.Debug|Any CPU.Build.0 = Debug|Any CPU
		{4AC00B4A-4320-4C1A-9298-B3EA1DD790B8}.Release|Any CPU.ActiveCfg = Release|Any CPU
		{4AC00B4A-4320-4C1A-9298-B3EA1DD790B8}.Release|Any CPU.Build.0 = Release|Any CPU
	EndGlobalSection
	GlobalSection(SolutionProperties) = preSolution
		HideSolutionNode = FALSE
	EndGlobalSection
	GlobalSection(ExtensibilityGlobals) = postSolution
		SolutionGuid = {2D00119C-4B5D-4A91-8B52-A812F4B8169B}
	EndGlobalSection
EndGlobal
