
Microsoft Visual Studio Solution File, Format Version 12.00
# Visual Studio Version 16
VisualStudioVersion = 16.0.808.10
MinimumVisualStudioVersion = 10.0.40219.1
Project("{FAE04EC0-301F-11D3-BF4B-00C04F79EFBC}") = "Task_1", "Task_1\Task_1.csproj", "{0531481B-03F6-45E2-890B-2357A5588873}"
EndProject
Project("{FAE04EC0-301F-11D3-BF4B-00C04F79EFBC}") = "Task_2", "Task_2\Task_2.csproj", "{508397B5-FA61-4F0E-B198-789322655C07}"
EndProject
Project("{FAE04EC0-301F-11D3-BF4B-00C04F79EFBC}") = "Task_3", "Task_3\Task_3.csproj", "{EC1A33BC-782E-42EF-A982-636EA73029C6}"
EndProject
Project("{FAE04EC0-301F-11D3-BF4B-00C04F79EFBC}") = "f", "f\f.csproj", "{25EFA3B8-657B-4BD5-9D95-85662C8816E3}"
EndProject
Global
	GlobalSection(SolutionConfigurationPlatforms) = preSolution
		Debug|Any CPU = Debug|Any CPU
		Release|Any CPU = Release|Any CPU
	EndGlobalSection
	GlobalSection(ProjectConfigurationPlatforms) = postSolution
		{0531481B-03F6-45E2-890B-2357A5588873}.Debug|Any CPU.ActiveCfg = Debug|Any CPU
		{0531481B-03F6-45E2-890B-2357A5588873}.Debug|Any CPU.Build.0 = Debug|Any CPU
		{0531481B-03F6-45E2-890B-2357A5588873}.Release|Any CPU.ActiveCfg = Release|Any CPU
		{0531481B-03F6-45E2-890B-2357A5588873}.Release|Any CPU.Build.0 = Release|Any CPU
		{508397B5-FA61-4F0E-B198-789322655C07}.Debug|Any CPU.ActiveCfg = Debug|Any CPU
		{508397B5-FA61-4F0E-B198-789322655C07}.Debug|Any CPU.Build.0 = Debug|Any CPU
		{508397B5-FA61-4F0E-B198-789322655C07}.Release|Any CPU.ActiveCfg = Release|Any CPU
		{508397B5-FA61-4F0E-B198-789322655C07}.Release|Any CPU.Build.0 = Release|Any CPU
		{EC1A33BC-782E-42EF-A982-636EA73029C6}.Debug|Any CPU.ActiveCfg = Debug|Any CPU
		{EC1A33BC-782E-42EF-A982-636EA73029C6}.Debug|Any CPU.Build.0 = Debug|Any CPU
		{EC1A33BC-782E-42EF-A982-636EA73029C6}.Release|Any CPU.ActiveCfg = Release|Any CPU
		{EC1A33BC-782E-42EF-A982-636EA73029C6}.Release|Any CPU.Build.0 = Release|Any CPU
		{25EFA3B8-657B-4BD5-9D95-85662C8816E3}.Debug|Any CPU.ActiveCfg = Debug|Any CPU
		{25EFA3B8-657B-4BD5-9D95-85662C8816E3}.Debug|Any CPU.Build.0 = Debug|Any CPU
		{25EFA3B8-657B-4BD5-9D95-85662C8816E3}.Release|Any CPU.ActiveCfg = Release|Any CPU
		{25EFA3B8-657B-4BD5-9D95-85662C8816E3}.Release|Any CPU.Build.0 = Release|Any CPU
	EndGlobalSection
	GlobalSection(SolutionProperties) = preSolution
		HideSolutionNode = FALSE
	EndGlobalSection
	GlobalSection(ExtensibilityGlobals) = postSolution
		SolutionGuid = {E4DE4EEE-8F2F-442D-902E-CDA40D1C4FAA}
	EndGlobalSection
EndGlobal
