
Microsoft Visual Studio Solution File, Format Version 12.00
# Visual Studio 15
Project("{FAE04EC0-301F-11D3-BF4B-00C04F79EFBC}") = "Task_03", "HW_01\Task_03.csproj", "{16DDE424-38ED-4117-94E6-802F81E9312B}"
EndProject
Project("{FAE04EC0-301F-11D3-BF4B-00C04F79EFBC}") = "Task_04", "Task_04\Task_04.csproj", "{29EE0476-C35C-427B-ACC9-9021DFF3B577}"
EndProject
Project("{FAE04EC0-301F-11D3-BF4B-00C04F79EFBC}") = "Task_05", "Task_05\Task_05.csproj", "{9D181B21-0C01-4CEF-A301-24FB1641C4B1}"
EndProject
Project("{FAE04EC0-301F-11D3-BF4B-00C04F79EFBC}") = "Task_06", "Ефыл_06\Task_06.csproj", "{80AA7638-EE93-43B9-AD0D-20E890043341}"
EndProject
Project("{FAE04EC0-301F-11D3-BF4B-00C04F79EFBC}") = "MS_01", "Myselfwork_01\MS_01.csproj", "{D018793B-2D45-40F7-AE66-CC4EAE43AC6C}"
EndProject
Project("{FAE04EC0-301F-11D3-BF4B-00C04F79EFBC}") = "MS_02", "MS_02\MS_02.csproj", "{D2DF1EB6-AFE2-4057-8DBC-84CB0258A635}"
EndProject
Project("{FAE04EC0-301F-11D3-BF4B-00C04F79EFBC}") = "MS_03", "MS_03\MS_03.csproj", "{9071C7BA-9220-40C1-8721-1736282C810F}"
EndProject
Project("{FAE04EC0-301F-11D3-BF4B-00C04F79EFBC}") = "MS_04", "MS_04\MS_04.csproj", "{61D329E9-EB44-4D8C-B962-01F2BFB809B6}"
EndProject
Project("{FAE04EC0-301F-11D3-BF4B-00C04F79EFBC}") = "MS_05", "MS_05\MS_05.csproj", "{F2EE4079-6A98-4645-9214-017669260ABD}"
EndProject
Project("{FAE04EC0-301F-11D3-BF4B-00C04F79EFBC}") = "MS_06", "MS_06\MS_06.csproj", "{AE54D23F-A451-4D3E-AA38-B6F334210060}"
EndProject
Project("{FAE04EC0-301F-11D3-BF4B-00C04F79EFBC}") = "MS_07", "MS_07\MS_07.csproj", "{C65DC0FD-8DC9-4454-8204-F650A078F69D}"
EndProject
Global
	GlobalSection(SolutionConfigurationPlatforms) = preSolution
		Debug|Any CPU = Debug|Any CPU
		Release|Any CPU = Release|Any CPU
	EndGlobalSection
	GlobalSection(ProjectConfigurationPlatforms) = postSolution
		{16DDE424-38ED-4117-94E6-802F81E9312B}.Debug|Any CPU.ActiveCfg = Debug|Any CPU
		{16DDE424-38ED-4117-94E6-802F81E9312B}.Debug|Any CPU.Build.0 = Debug|Any CPU
		{16DDE424-38ED-4117-94E6-802F81E9312B}.Release|Any CPU.ActiveCfg = Release|Any CPU
		{16DDE424-38ED-4117-94E6-802F81E9312B}.Release|Any CPU.Build.0 = Release|Any CPU
		{29EE0476-C35C-427B-ACC9-9021DFF3B577}.Debug|Any CPU.ActiveCfg = Debug|Any CPU
		{29EE0476-C35C-427B-ACC9-9021DFF3B577}.Debug|Any CPU.Build.0 = Debug|Any CPU
		{29EE0476-C35C-427B-ACC9-9021DFF3B577}.Release|Any CPU.ActiveCfg = Release|Any CPU
		{29EE0476-C35C-427B-ACC9-9021DFF3B577}.Release|Any CPU.Build.0 = Release|Any CPU
		{9D181B21-0C01-4CEF-A301-24FB1641C4B1}.Debug|Any CPU.ActiveCfg = Debug|Any CPU
		{9D181B21-0C01-4CEF-A301-24FB1641C4B1}.Debug|Any CPU.Build.0 = Debug|Any CPU
		{9D181B21-0C01-4CEF-A301-24FB1641C4B1}.Release|Any CPU.ActiveCfg = Release|Any CPU
		{9D181B21-0C01-4CEF-A301-24FB1641C4B1}.Release|Any CPU.Build.0 = Release|Any CPU
		{80AA7638-EE93-43B9-AD0D-20E890043341}.Debug|Any CPU.ActiveCfg = Debug|Any CPU
		{80AA7638-EE93-43B9-AD0D-20E890043341}.Debug|Any CPU.Build.0 = Debug|Any CPU
		{80AA7638-EE93-43B9-AD0D-20E890043341}.Release|Any CPU.ActiveCfg = Release|Any CPU
		{80AA7638-EE93-43B9-AD0D-20E890043341}.Release|Any CPU.Build.0 = Release|Any CPU
		{D018793B-2D45-40F7-AE66-CC4EAE43AC6C}.Debug|Any CPU.ActiveCfg = Debug|Any CPU
		{D018793B-2D45-40F7-AE66-CC4EAE43AC6C}.Debug|Any CPU.Build.0 = Debug|Any CPU
		{D018793B-2D45-40F7-AE66-CC4EAE43AC6C}.Release|Any CPU.ActiveCfg = Release|Any CPU
		{D018793B-2D45-40F7-AE66-CC4EAE43AC6C}.Release|Any CPU.Build.0 = Release|Any CPU
		{D2DF1EB6-AFE2-4057-8DBC-84CB0258A635}.Debug|Any CPU.ActiveCfg = Debug|Any CPU
		{D2DF1EB6-AFE2-4057-8DBC-84CB0258A635}.Debug|Any CPU.Build.0 = Debug|Any CPU
		{D2DF1EB6-AFE2-4057-8DBC-84CB0258A635}.Release|Any CPU.ActiveCfg = Release|Any CPU
		{D2DF1EB6-AFE2-4057-8DBC-84CB0258A635}.Release|Any CPU.Build.0 = Release|Any CPU
		{9071C7BA-9220-40C1-8721-1736282C810F}.Debug|Any CPU.ActiveCfg = Debug|Any CPU
		{9071C7BA-9220-40C1-8721-1736282C810F}.Debug|Any CPU.Build.0 = Debug|Any CPU
		{9071C7BA-9220-40C1-8721-1736282C810F}.Release|Any CPU.ActiveCfg = Release|Any CPU
		{9071C7BA-9220-40C1-8721-1736282C810F}.Release|Any CPU.Build.0 = Release|Any CPU
		{61D329E9-EB44-4D8C-B962-01F2BFB809B6}.Debug|Any CPU.ActiveCfg = Debug|Any CPU
		{61D329E9-EB44-4D8C-B962-01F2BFB809B6}.Debug|Any CPU.Build.0 = Debug|Any CPU
		{61D329E9-EB44-4D8C-B962-01F2BFB809B6}.Release|Any CPU.ActiveCfg = Release|Any CPU
		{61D329E9-EB44-4D8C-B962-01F2BFB809B6}.Release|Any CPU.Build.0 = Release|Any CPU
		{F2EE4079-6A98-4645-9214-017669260ABD}.Debug|Any CPU.ActiveCfg = Debug|Any CPU
		{F2EE4079-6A98-4645-9214-017669260ABD}.Debug|Any CPU.Build.0 = Debug|Any CPU
		{F2EE4079-6A98-4645-9214-017669260ABD}.Release|Any CPU.ActiveCfg = Release|Any CPU
		{F2EE4079-6A98-4645-9214-017669260ABD}.Release|Any CPU.Build.0 = Release|Any CPU
		{AE54D23F-A451-4D3E-AA38-B6F334210060}.Debug|Any CPU.ActiveCfg = Debug|Any CPU
		{AE54D23F-A451-4D3E-AA38-B6F334210060}.Debug|Any CPU.Build.0 = Debug|Any CPU
		{AE54D23F-A451-4D3E-AA38-B6F334210060}.Release|Any CPU.ActiveCfg = Release|Any CPU
		{AE54D23F-A451-4D3E-AA38-B6F334210060}.Release|Any CPU.Build.0 = Release|Any CPU
		{C65DC0FD-8DC9-4454-8204-F650A078F69D}.Debug|Any CPU.ActiveCfg = Debug|Any CPU
		{C65DC0FD-8DC9-4454-8204-F650A078F69D}.Debug|Any CPU.Build.0 = Debug|Any CPU
		{C65DC0FD-8DC9-4454-8204-F650A078F69D}.Release|Any CPU.ActiveCfg = Release|Any CPU
		{C65DC0FD-8DC9-4454-8204-F650A078F69D}.Release|Any CPU.Build.0 = Release|Any CPU
	EndGlobalSection
EndGlobal
