
Microsoft Visual Studio Solution File, Format Version 12.00
# Visual Studio 15
Project("{FAE04EC0-301F-11D3-BF4B-00C04F79EFBC}") = "Seminar", "Seminar\Seminar.csproj", "{7972CC4E-AC45-4178-A0E8-9F831B7E1845}"
EndProject
Project("{FAE04EC0-301F-11D3-BF4B-00C04F79EFBC}") = "Switch", "Switch\Switch.csproj", "{2C0D6542-7DD6-4AED-B41A-1133724B42AF}"
EndProject
Project("{FAE04EC0-301F-11D3-BF4B-00C04F79EFBC}") = "Delta", "Delta\Delta.csproj", "{1F7ABDDF-1F7F-4A9E-B415-294507404E80}"
EndProject
Global
	GlobalSection(SolutionConfigurationPlatforms) = preSolution
		Debug|Any CPU = Debug|Any CPU
		Release|Any CPU = Release|Any CPU
	EndGlobalSection
	GlobalSection(ProjectConfigurationPlatforms) = postSolution
		{7972CC4E-AC45-4178-A0E8-9F831B7E1845}.Debug|Any CPU.ActiveCfg = Debug|Any CPU
		{7972CC4E-AC45-4178-A0E8-9F831B7E1845}.Debug|Any CPU.Build.0 = Debug|Any CPU
		{7972CC4E-AC45-4178-A0E8-9F831B7E1845}.Release|Any CPU.ActiveCfg = Release|Any CPU
		{7972CC4E-AC45-4178-A0E8-9F831B7E1845}.Release|Any CPU.Build.0 = Release|Any CPU
		{2C0D6542-7DD6-4AED-B41A-1133724B42AF}.Debug|Any CPU.ActiveCfg = Debug|Any CPU
		{2C0D6542-7DD6-4AED-B41A-1133724B42AF}.Debug|Any CPU.Build.0 = Debug|Any CPU
		{2C0D6542-7DD6-4AED-B41A-1133724B42AF}.Release|Any CPU.ActiveCfg = Release|Any CPU
		{2C0D6542-7DD6-4AED-B41A-1133724B42AF}.Release|Any CPU.Build.0 = Release|Any CPU
		{1F7ABDDF-1F7F-4A9E-B415-294507404E80}.Debug|Any CPU.ActiveCfg = Debug|Any CPU
		{1F7ABDDF-1F7F-4A9E-B415-294507404E80}.Debug|Any CPU.Build.0 = Debug|Any CPU
		{1F7ABDDF-1F7F-4A9E-B415-294507404E80}.Release|Any CPU.ActiveCfg = Release|Any CPU
		{1F7ABDDF-1F7F-4A9E-B415-294507404E80}.Release|Any CPU.Build.0 = Release|Any CPU
	EndGlobalSection
EndGlobal
