
Microsoft Visual Studio Solution File, Format Version 12.00
# Visual Studio Version 16
VisualStudioVersion = 16.0.809.4
MinimumVisualStudioVersion = 10.0.40219.1
Project("{FAE04EC0-301F-11D3-BF4B-00C04F79EFBC}") = "Task_1", "Task_1\Task_1.csproj", "{1F7C20FF-E268-463A-88FA-B2959A4415BF}"
EndProject
Project("{FAE04EC0-301F-11D3-BF4B-00C04F79EFBC}") = "Task_2", "Task_2\Task_2.csproj", "{B283020D-2E62-49D5-8903-513F6FC6A0BB}"
EndProject
Project("{FAE04EC0-301F-11D3-BF4B-00C04F79EFBC}") = "Task_3", "Task_3\Task_3.csproj", "{6965D475-DD99-4455-8858-79457A2AEC02}"
EndProject
Global
	GlobalSection(SolutionConfigurationPlatforms) = preSolution
		Debug|Any CPU = Debug|Any CPU
		Release|Any CPU = Release|Any CPU
	EndGlobalSection
	GlobalSection(ProjectConfigurationPlatforms) = postSolution
		{1F7C20FF-E268-463A-88FA-B2959A4415BF}.Debug|Any CPU.ActiveCfg = Debug|Any CPU
		{1F7C20FF-E268-463A-88FA-B2959A4415BF}.Debug|Any CPU.Build.0 = Debug|Any CPU
		{1F7C20FF-E268-463A-88FA-B2959A4415BF}.Release|Any CPU.ActiveCfg = Release|Any CPU
		{1F7C20FF-E268-463A-88FA-B2959A4415BF}.Release|Any CPU.Build.0 = Release|Any CPU
		{B283020D-2E62-49D5-8903-513F6FC6A0BB}.Debug|Any CPU.ActiveCfg = Debug|Any CPU
		{B283020D-2E62-49D5-8903-513F6FC6A0BB}.Debug|Any CPU.Build.0 = Debug|Any CPU
		{B283020D-2E62-49D5-8903-513F6FC6A0BB}.Release|Any CPU.ActiveCfg = Release|Any CPU
		{B283020D-2E62-49D5-8903-513F6FC6A0BB}.Release|Any CPU.Build.0 = Release|Any CPU
		{6965D475-DD99-4455-8858-79457A2AEC02}.Debug|Any CPU.ActiveCfg = Debug|Any CPU
		{6965D475-DD99-4455-8858-79457A2AEC02}.Debug|Any CPU.Build.0 = Debug|Any CPU
		{6965D475-DD99-4455-8858-79457A2AEC02}.Release|Any CPU.ActiveCfg = Release|Any CPU
		{6965D475-DD99-4455-8858-79457A2AEC02}.Release|Any CPU.Build.0 = Release|Any CPU
	EndGlobalSection
	GlobalSection(SolutionProperties) = preSolution
		HideSolutionNode = FALSE
	EndGlobalSection
	GlobalSection(ExtensibilityGlobals) = postSolution
		SolutionGuid = {90EE9535-7EC5-4F56-BD8A-8D528B158B61}
	EndGlobalSection
EndGlobal
