
Microsoft Visual Studio Solution File, Format Version 12.00
# Visual Studio 15
Project("{FAE04EC0-301F-11D3-BF4B-00C04F79EFBC}") = "Task01", "HW_1\Task01.csproj", "{2FD934B4-E137-48FB-87EE-F89056D2EAB7}"
EndProject
Project("{FAE04EC0-301F-11D3-BF4B-00C04F79EFBC}") = "Task02", "Task_02\Task02.csproj", "{CF2DFD6D-D3B5-4DAA-887C-F36B58BF29DD}"
EndProject
Project("{FAE04EC0-301F-11D3-BF4B-00C04F79EFBC}") = "ASCIIDecoder", "Task_03\ASCIIDecoder.csproj", "{1E613C74-5019-45DE-BA28-7FF0FBF18077}"
EndProject
Project("{FAE04EC0-301F-11D3-BF4B-00C04F79EFBC}") = "Task04", "Task_04\Task04.csproj", "{ECCEA595-0208-4112-8D7D-915CB85480D3}"
EndProject
Project("{FAE04EC0-301F-11D3-BF4B-00C04F79EFBC}") = "Task05", "Task_05\Task05.csproj", "{9AF61E71-5E21-4388-95A8-70905A3F7CC9}"
EndProject
Global
	GlobalSection(SolutionConfigurationPlatforms) = preSolution
		Debug|Any CPU = Debug|Any CPU
		Release|Any CPU = Release|Any CPU
	EndGlobalSection
	GlobalSection(ProjectConfigurationPlatforms) = postSolution
		{2FD934B4-E137-48FB-87EE-F89056D2EAB7}.Debug|Any CPU.ActiveCfg = Debug|Any CPU
		{2FD934B4-E137-48FB-87EE-F89056D2EAB7}.Debug|Any CPU.Build.0 = Debug|Any CPU
		{2FD934B4-E137-48FB-87EE-F89056D2EAB7}.Release|Any CPU.ActiveCfg = Release|Any CPU
		{2FD934B4-E137-48FB-87EE-F89056D2EAB7}.Release|Any CPU.Build.0 = Release|Any CPU
		{CF2DFD6D-D3B5-4DAA-887C-F36B58BF29DD}.Debug|Any CPU.ActiveCfg = Debug|Any CPU
		{CF2DFD6D-D3B5-4DAA-887C-F36B58BF29DD}.Debug|Any CPU.Build.0 = Debug|Any CPU
		{CF2DFD6D-D3B5-4DAA-887C-F36B58BF29DD}.Release|Any CPU.ActiveCfg = Release|Any CPU
		{CF2DFD6D-D3B5-4DAA-887C-F36B58BF29DD}.Release|Any CPU.Build.0 = Release|Any CPU
		{1E613C74-5019-45DE-BA28-7FF0FBF18077}.Debug|Any CPU.ActiveCfg = Debug|Any CPU
		{1E613C74-5019-45DE-BA28-7FF0FBF18077}.Debug|Any CPU.Build.0 = Debug|Any CPU
		{1E613C74-5019-45DE-BA28-7FF0FBF18077}.Release|Any CPU.ActiveCfg = Release|Any CPU
		{1E613C74-5019-45DE-BA28-7FF0FBF18077}.Release|Any CPU.Build.0 = Release|Any CPU
		{ECCEA595-0208-4112-8D7D-915CB85480D3}.Debug|Any CPU.ActiveCfg = Debug|Any CPU
		{ECCEA595-0208-4112-8D7D-915CB85480D3}.Debug|Any CPU.Build.0 = Debug|Any CPU
		{ECCEA595-0208-4112-8D7D-915CB85480D3}.Release|Any CPU.ActiveCfg = Release|Any CPU
		{ECCEA595-0208-4112-8D7D-915CB85480D3}.Release|Any CPU.Build.0 = Release|Any CPU
		{9AF61E71-5E21-4388-95A8-70905A3F7CC9}.Debug|Any CPU.ActiveCfg = Debug|Any CPU
		{9AF61E71-5E21-4388-95A8-70905A3F7CC9}.Debug|Any CPU.Build.0 = Debug|Any CPU
		{9AF61E71-5E21-4388-95A8-70905A3F7CC9}.Release|Any CPU.ActiveCfg = Release|Any CPU
		{9AF61E71-5E21-4388-95A8-70905A3F7CC9}.Release|Any CPU.Build.0 = Release|Any CPU
	EndGlobalSection
EndGlobal
