
Microsoft Visual Studio Solution File, Format Version 12.00
# Visual Studio Version 16
VisualStudioVersion = 16.0.809.7
MinimumVisualStudioVersion = 10.0.40219.1
Project("{FAE04EC0-301F-11D3-BF4B-00C04F79EFBC}") = "Task_1", "Task_1\Task_1.csproj", "{2D5D1AC9-16D7-409C-92DB-1955610F708A}"
EndProject
Project("{FAE04EC0-301F-11D3-BF4B-00C04F79EFBC}") = "Task_2", "Task_2\Task_2.csproj", "{7112B5DA-836D-445C-9F37-3C87FBED51A0}"
EndProject
Project("{FAE04EC0-301F-11D3-BF4B-00C04F79EFBC}") = "Task_3", "Task_3\Task_3.csproj", "{4115EAAC-898F-4301-AEC5-C46835EADCBD}"
EndProject
Project("{FAE04EC0-301F-11D3-BF4B-00C04F79EFBC}") = "Task_4", "Task_4\Task_4.csproj", "{38867327-097B-4A9B-BD89-A051DEA16D2A}"
EndProject
Global
	GlobalSection(SolutionConfigurationPlatforms) = preSolution
		Debug|Any CPU = Debug|Any CPU
		Release|Any CPU = Release|Any CPU
	EndGlobalSection
	GlobalSection(ProjectConfigurationPlatforms) = postSolution
		{2D5D1AC9-16D7-409C-92DB-1955610F708A}.Debug|Any CPU.ActiveCfg = Debug|Any CPU
		{2D5D1AC9-16D7-409C-92DB-1955610F708A}.Debug|Any CPU.Build.0 = Debug|Any CPU
		{2D5D1AC9-16D7-409C-92DB-1955610F708A}.Release|Any CPU.ActiveCfg = Release|Any CPU
		{2D5D1AC9-16D7-409C-92DB-1955610F708A}.Release|Any CPU.Build.0 = Release|Any CPU
		{7112B5DA-836D-445C-9F37-3C87FBED51A0}.Debug|Any CPU.ActiveCfg = Debug|Any CPU
		{7112B5DA-836D-445C-9F37-3C87FBED51A0}.Debug|Any CPU.Build.0 = Debug|Any CPU
		{7112B5DA-836D-445C-9F37-3C87FBED51A0}.Release|Any CPU.ActiveCfg = Release|Any CPU
		{7112B5DA-836D-445C-9F37-3C87FBED51A0}.Release|Any CPU.Build.0 = Release|Any CPU
		{4115EAAC-898F-4301-AEC5-C46835EADCBD}.Debug|Any CPU.ActiveCfg = Debug|Any CPU
		{4115EAAC-898F-4301-AEC5-C46835EADCBD}.Debug|Any CPU.Build.0 = Debug|Any CPU
		{4115EAAC-898F-4301-AEC5-C46835EADCBD}.Release|Any CPU.ActiveCfg = Release|Any CPU
		{4115EAAC-898F-4301-AEC5-C46835EADCBD}.Release|Any CPU.Build.0 = Release|Any CPU
		{38867327-097B-4A9B-BD89-A051DEA16D2A}.Debug|Any CPU.ActiveCfg = Debug|Any CPU
		{38867327-097B-4A9B-BD89-A051DEA16D2A}.Debug|Any CPU.Build.0 = Debug|Any CPU
		{38867327-097B-4A9B-BD89-A051DEA16D2A}.Release|Any CPU.ActiveCfg = Release|Any CPU
		{38867327-097B-4A9B-BD89-A051DEA16D2A}.Release|Any CPU.Build.0 = Release|Any CPU
	EndGlobalSection
	GlobalSection(SolutionProperties) = preSolution
		HideSolutionNode = FALSE
	EndGlobalSection
	GlobalSection(ExtensibilityGlobals) = postSolution
		SolutionGuid = {E1E56305-9A35-4200-9016-6885F5CF7C47}
	EndGlobalSection
EndGlobal
