
Microsoft Visual Studio Solution File, Format Version 12.00
# Visual Studio 15
Project("{FAE04EC0-301F-11D3-BF4B-00C04F79EFBC}") = "Task_06", "Task_06\Task_06.csproj", "{DA7DE777-71BE-48AF-821D-319336706D8C}"
EndProject
Project("{FAE04EC0-301F-11D3-BF4B-00C04F79EFBC}") = "Task_03", "Task_03\Task_03.csproj", "{FA005B62-44D8-4111-AA9A-6A3D42DC8D70}"
EndProject
Project("{FAE04EC0-301F-11D3-BF4B-00C04F79EFBC}") = "Task_01_1", "Task_01_1\Task_01_1.csproj", "{E126EA0D-8AEF-41EB-922C-767BFE7AF4EE}"
EndProject
Project("{FAE04EC0-301F-11D3-BF4B-00C04F79EFBC}") = "Task_01_2", "Task_01_2\Task_01_2.csproj", "{C6676AB7-F9B3-47DB-BEB2-FD95D6744D02}"
EndProject
Project("{FAE04EC0-301F-11D3-BF4B-00C04F79EFBC}") = "Task_01_3", "Task_01_3\Task_01_3.csproj", "{003591D0-2953-461B-A2B1-57C01F0DCBC1}"
EndProject
Project("{FAE04EC0-301F-11D3-BF4B-00C04F79EFBC}") = "Task_02", "Task_02\Task_02.csproj", "{AD258E81-B0B1-40F4-89AF-BBB839FEF94D}"
EndProject
Project("{FAE04EC0-301F-11D3-BF4B-00C04F79EFBC}") = "Task_03_2", "Task_03_2\Task_03_2.csproj", "{440F512F-7050-4C70-A8D0-B5A3106D5C8A}"
EndProject
Project("{FAE04EC0-301F-11D3-BF4B-00C04F79EFBC}") = "Task_04", "Task_04\Task_04.csproj", "{A9748690-0EE0-4069-9F52-BCF56EF05F5C}"
EndProject
Project("{FAE04EC0-301F-11D3-BF4B-00C04F79EFBC}") = "Task_05", "Task_05\Task_05.csproj", "{794EC1DA-2782-48C0-A665-CFE680BF9F74}"
EndProject
Global
	GlobalSection(SolutionConfigurationPlatforms) = preSolution
		Debug|Any CPU = Debug|Any CPU
		Release|Any CPU = Release|Any CPU
	EndGlobalSection
	GlobalSection(ProjectConfigurationPlatforms) = postSolution
		{DA7DE777-71BE-48AF-821D-319336706D8C}.Debug|Any CPU.ActiveCfg = Debug|Any CPU
		{DA7DE777-71BE-48AF-821D-319336706D8C}.Debug|Any CPU.Build.0 = Debug|Any CPU
		{DA7DE777-71BE-48AF-821D-319336706D8C}.Release|Any CPU.ActiveCfg = Release|Any CPU
		{DA7DE777-71BE-48AF-821D-319336706D8C}.Release|Any CPU.Build.0 = Release|Any CPU
		{FA005B62-44D8-4111-AA9A-6A3D42DC8D70}.Debug|Any CPU.ActiveCfg = Debug|Any CPU
		{FA005B62-44D8-4111-AA9A-6A3D42DC8D70}.Debug|Any CPU.Build.0 = Debug|Any CPU
		{FA005B62-44D8-4111-AA9A-6A3D42DC8D70}.Release|Any CPU.ActiveCfg = Release|Any CPU
		{FA005B62-44D8-4111-AA9A-6A3D42DC8D70}.Release|Any CPU.Build.0 = Release|Any CPU
		{E126EA0D-8AEF-41EB-922C-767BFE7AF4EE}.Debug|Any CPU.ActiveCfg = Debug|Any CPU
		{E126EA0D-8AEF-41EB-922C-767BFE7AF4EE}.Debug|Any CPU.Build.0 = Debug|Any CPU
		{E126EA0D-8AEF-41EB-922C-767BFE7AF4EE}.Release|Any CPU.ActiveCfg = Release|Any CPU
		{E126EA0D-8AEF-41EB-922C-767BFE7AF4EE}.Release|Any CPU.Build.0 = Release|Any CPU
		{C6676AB7-F9B3-47DB-BEB2-FD95D6744D02}.Debug|Any CPU.ActiveCfg = Debug|Any CPU
		{C6676AB7-F9B3-47DB-BEB2-FD95D6744D02}.Debug|Any CPU.Build.0 = Debug|Any CPU
		{C6676AB7-F9B3-47DB-BEB2-FD95D6744D02}.Release|Any CPU.ActiveCfg = Release|Any CPU
		{C6676AB7-F9B3-47DB-BEB2-FD95D6744D02}.Release|Any CPU.Build.0 = Release|Any CPU
		{003591D0-2953-461B-A2B1-57C01F0DCBC1}.Debug|Any CPU.ActiveCfg = Debug|Any CPU
		{003591D0-2953-461B-A2B1-57C01F0DCBC1}.Debug|Any CPU.Build.0 = Debug|Any CPU
		{003591D0-2953-461B-A2B1-57C01F0DCBC1}.Release|Any CPU.ActiveCfg = Release|Any CPU
		{003591D0-2953-461B-A2B1-57C01F0DCBC1}.Release|Any CPU.Build.0 = Release|Any CPU
		{AD258E81-B0B1-40F4-89AF-BBB839FEF94D}.Debug|Any CPU.ActiveCfg = Debug|Any CPU
		{AD258E81-B0B1-40F4-89AF-BBB839FEF94D}.Debug|Any CPU.Build.0 = Debug|Any CPU
		{AD258E81-B0B1-40F4-89AF-BBB839FEF94D}.Release|Any CPU.ActiveCfg = Release|Any CPU
		{AD258E81-B0B1-40F4-89AF-BBB839FEF94D}.Release|Any CPU.Build.0 = Release|Any CPU
		{440F512F-7050-4C70-A8D0-B5A3106D5C8A}.Debug|Any CPU.ActiveCfg = Debug|Any CPU
		{440F512F-7050-4C70-A8D0-B5A3106D5C8A}.Debug|Any CPU.Build.0 = Debug|Any CPU
		{440F512F-7050-4C70-A8D0-B5A3106D5C8A}.Release|Any CPU.ActiveCfg = Release|Any CPU
		{440F512F-7050-4C70-A8D0-B5A3106D5C8A}.Release|Any CPU.Build.0 = Release|Any CPU
		{A9748690-0EE0-4069-9F52-BCF56EF05F5C}.Debug|Any CPU.ActiveCfg = Debug|Any CPU
		{A9748690-0EE0-4069-9F52-BCF56EF05F5C}.Debug|Any CPU.Build.0 = Debug|Any CPU
		{A9748690-0EE0-4069-9F52-BCF56EF05F5C}.Release|Any CPU.ActiveCfg = Release|Any CPU
		{A9748690-0EE0-4069-9F52-BCF56EF05F5C}.Release|Any CPU.Build.0 = Release|Any CPU
		{794EC1DA-2782-48C0-A665-CFE680BF9F74}.Debug|Any CPU.ActiveCfg = Debug|Any CPU
		{794EC1DA-2782-48C0-A665-CFE680BF9F74}.Debug|Any CPU.Build.0 = Debug|Any CPU
		{794EC1DA-2782-48C0-A665-CFE680BF9F74}.Release|Any CPU.ActiveCfg = Release|Any CPU
		{794EC1DA-2782-48C0-A665-CFE680BF9F74}.Release|Any CPU.Build.0 = Release|Any CPU
	EndGlobalSection
EndGlobal
