
Microsoft Visual Studio Solution File, Format Version 12.00
# Visual Studio 15
Project("{FAE04EC0-301F-11D3-BF4B-00C04F79EFBC}") = "Homework_01", "Homework_01\Homework_01.csproj", "{5E2494F6-7BE4-40B6-A381-6AA8C3DD11B5}"
EndProject
Global
	GlobalSection(SolutionConfigurationPlatforms) = preSolution
		Debug|Any CPU = Debug|Any CPU
		Release|Any CPU = Release|Any CPU
	EndGlobalSection
	GlobalSection(ProjectConfigurationPlatforms) = postSolution
		{5E2494F6-7BE4-40B6-A381-6AA8C3DD11B5}.Debug|Any CPU.ActiveCfg = Debug|Any CPU
		{5E2494F6-7BE4-40B6-A381-6AA8C3DD11B5}.Debug|Any CPU.Build.0 = Debug|Any CPU
		{5E2494F6-7BE4-40B6-A381-6AA8C3DD11B5}.Release|Any CPU.ActiveCfg = Release|Any CPU
		{5E2494F6-7BE4-40B6-A381-6AA8C3DD11B5}.Release|Any CPU.Build.0 = Release|Any CPU
	EndGlobalSection
EndGlobal
