
Microsoft Visual Studio Solution File, Format Version 12.00
# Visual Studio 15
Project("{FAE04EC0-301F-11D3-BF4B-00C04F79EFBC}") = "Classwork_01", "Classwork_01\Classwork_01.csproj", "{4DD1A700-3C1E-43BB-A3D3-80356C7AAEFB}"
EndProject
Global
	GlobalSection(SolutionConfigurationPlatforms) = preSolution
		Debug|Any CPU = Debug|Any CPU
		Release|Any CPU = Release|Any CPU
	EndGlobalSection
	GlobalSection(ProjectConfigurationPlatforms) = postSolution
		{4DD1A700-3C1E-43BB-A3D3-80356C7AAEFB}.Debug|Any CPU.ActiveCfg = Debug|Any CPU
		{4DD1A700-3C1E-43BB-A3D3-80356C7AAEFB}.Debug|Any CPU.Build.0 = Debug|Any CPU
		{4DD1A700-3C1E-43BB-A3D3-80356C7AAEFB}.Release|Any CPU.ActiveCfg = Release|Any CPU
		{4DD1A700-3C1E-43BB-A3D3-80356C7AAEFB}.Release|Any CPU.Build.0 = Release|Any CPU
	EndGlobalSection
EndGlobal
